# This file is autogenerated, do not edit; changes may be undone by the next 'dep ensure'.


[[projects]]
  branch = "master"
  digest = "1:8b2ef8a4aca944b1554e3f0572be9aca2dab02273ffb772bfd044675fc50a0ab"
  name = "github.com/widuu/goini"
  packages = ["."]
  pruneopts = "UT"
  revision = "56a38bd2e09b9c1cbf849ab1404e74b33a9d9593"

[solve-meta]
  analyzer-name = "dep"
  analyzer-version = 1
  input-imports = ["github.com/widuu/goini"]
  solver-name = "gps-cdcl"
  solver-version = 1
